
Microsoft Visual Studio Solution File, Format Version 12.00
# Visual Studio Version 17
VisualStudioVersion = 17.7.34202.233
MinimumVisualStudioVersion = 10.0.40219.1
Project("{9A19103F-16F7-4668-BE54-9A1E7A4F7556}") = "contoso-pizza-code-first", "contoso-pizza-code-first\contoso-pizza-code-first.csproj", "{8AB89775-3065-4BA2-8C51-FA18194DB4D7}"
EndProject
Project("{9A19103F-16F7-4668-BE54-9A1E7A4F7556}") = "contoso-pizza-db-first", "contoso-pizza-db-first\contoso-pizza-db-first.csproj", "{533615E5-0210-4505-B7D7-BA29B97EB864}"
EndProject
Project("{FAE04EC0-301F-11D3-BF4B-00C04F79EFBC}") = "contoso-pizza-asp-net", "contoso-pizza-asp-net\contoso-pizza-asp-net.csproj", "{A727A62E-BEC6-497B-9E19-295262CA09B1}"
EndProject
Global
	GlobalSection(SolutionConfigurationPlatforms) = preSolution
		Debug|Any CPU = Debug|Any CPU
		Release|Any CPU = Release|Any CPU
	EndGlobalSection
	GlobalSection(ProjectConfigurationPlatforms) = postSolution
		{8AB89775-3065-4BA2-8C51-FA18194DB4D7}.Debug|Any CPU.ActiveCfg = Debug|Any CPU
		{8AB89775-3065-4BA2-8C51-FA18194DB4D7}.Debug|Any CPU.Build.0 = Debug|Any CPU
		{8AB89775-3065-4BA2-8C51-FA18194DB4D7}.Release|Any CPU.ActiveCfg = Release|Any CPU
		{8AB89775-3065-4BA2-8C51-FA18194DB4D7}.Release|Any CPU.Build.0 = Release|Any CPU
		{533615E5-0210-4505-B7D7-BA29B97EB864}.Debug|Any CPU.ActiveCfg = Debug|Any CPU
		{533615E5-0210-4505-B7D7-BA29B97EB864}.Debug|Any CPU.Build.0 = Debug|Any CPU
		{533615E5-0210-4505-B7D7-BA29B97EB864}.Release|Any CPU.ActiveCfg = Release|Any CPU
		{533615E5-0210-4505-B7D7-BA29B97EB864}.Release|Any CPU.Build.0 = Release|Any CPU
		{A727A62E-BEC6-497B-9E19-295262CA09B1}.Debug|Any CPU.ActiveCfg = Debug|Any CPU
		{A727A62E-BEC6-497B-9E19-295262CA09B1}.Debug|Any CPU.Build.0 = Debug|Any CPU
		{A727A62E-BEC6-497B-9E19-295262CA09B1}.Release|Any CPU.ActiveCfg = Release|Any CPU
		{A727A62E-BEC6-497B-9E19-295262CA09B1}.Release|Any CPU.Build.0 = Release|Any CPU
	EndGlobalSection
	GlobalSection(SolutionProperties) = preSolution
		HideSolutionNode = FALSE
	EndGlobalSection
	GlobalSection(ExtensibilityGlobals) = postSolution
		SolutionGuid = {2766658F-0B06-4B2F-9C8F-B97C62EA876D}
	EndGlobalSection
EndGlobal
